
Microsoft Visual Studio Solution File, Format Version 12.00
# Visual Studio Version 17
VisualStudioVersion = 17.12.35514.174 d17.12
MinimumVisualStudioVersion = 10.0.40219.1
Project("{FAE04EC0-301F-11D3-BF4B-00C04F79EFBC}") = "Buoi5", "Buoi5\Buoi5.csproj", "{DF7741A7-B0F5-42B3-BA55-06B154F66FAA}"
EndProject
Global
	GlobalSection(SolutionConfigurationPlatforms) = preSolution
		Debug|Any CPU = Debug|Any CPU
		Release|Any CPU = Release|Any CPU
	EndGlobalSection
	GlobalSection(ProjectConfigurationPlatforms) = postSolution
		{DF7741A7-B0F5-42B3-BA55-06B154F66FAA}.Debug|Any CPU.ActiveCfg = Debug|Any CPU
		{DF7741A7-B0F5-42B3-BA55-06B154F66FAA}.Debug|Any CPU.Build.0 = Debug|Any CPU
		{DF7741A7-B0F5-42B3-BA55-06B154F66FAA}.Release|Any CPU.ActiveCfg = Release|Any CPU
		{DF7741A7-B0F5-42B3-BA55-06B154F66FAA}.Release|Any CPU.Build.0 = Release|Any CPU
	EndGlobalSection
	GlobalSection(SolutionProperties) = preSolution
		HideSolutionNode = FALSE
	EndGlobalSection
EndGlobal
